
Microsoft Visual Studio Solution File, Format Version 12.00
# Visual Studio Version 16
VisualStudioVersion = 16.0.28606.126
MinimumVisualStudioVersion = 10.0.40219.1
Project("{FAE04EC0-301F-11D3-BF4B-00C04F79EFBC}") = "MvvmApp.Android", "MvvmApp\MvvmApp.Android\MvvmApp.Android.csproj", "{E20CF0D4-CA10-4231-9F10-E43D1DDA7D64}"
EndProject
Project("{FAE04EC0-301F-11D3-BF4B-00C04F79EFBC}") = "MvvmApp.iOS", "MvvmApp\MvvmApp.iOS\MvvmApp.iOS.csproj", "{6B3D58A0-CB98-47D2-85BE-DFA20600F9C1}"
EndProject
Project("{FAE04EC0-301F-11D3-BF4B-00C04F79EFBC}") = "MvvmApp", "MvvmApp\MvvmApp\MvvmApp.csproj", "{12867D67-C3D5-427F-AB28-D33B7FD59B33}"
EndProject
Global
	GlobalSection(SolutionConfigurationPlatforms) = preSolution
		Debug|Any CPU = Debug|Any CPU
		Debug|iPhone = Debug|iPhone
		Debug|iPhoneSimulator = Debug|iPhoneSimulator
		Release|Any CPU = Release|Any CPU
		Release|iPhone = Release|iPhone
		Release|iPhoneSimulator = Release|iPhoneSimulator
	EndGlobalSection
	GlobalSection(ProjectConfigurationPlatforms) = postSolution
		{E20CF0D4-CA10-4231-9F10-E43D1DDA7D64}.Debug|Any CPU.ActiveCfg = Debug|Any CPU
		{E20CF0D4-CA10-4231-9F10-E43D1DDA7D64}.Debug|Any CPU.Build.0 = Debug|Any CPU
		{E20CF0D4-CA10-4231-9F10-E43D1DDA7D64}.Debug|Any CPU.Deploy.0 = Debug|Any CPU
		{E20CF0D4-CA10-4231-9F10-E43D1DDA7D64}.Debug|iPhone.ActiveCfg = Debug|Any CPU
		{E20CF0D4-CA10-4231-9F10-E43D1DDA7D64}.Debug|iPhone.Build.0 = Debug|Any CPU
		{E20CF0D4-CA10-4231-9F10-E43D1DDA7D64}.Debug|iPhone.Deploy.0 = Debug|Any CPU
		{E20CF0D4-CA10-4231-9F10-E43D1DDA7D64}.Debug|iPhoneSimulator.ActiveCfg = Debug|Any CPU
		{E20CF0D4-CA10-4231-9F10-E43D1DDA7D64}.Debug|iPhoneSimulator.Build.0 = Debug|Any CPU
		{E20CF0D4-CA10-4231-9F10-E43D1DDA7D64}.Debug|iPhoneSimulator.Deploy.0 = Debug|Any CPU
		{E20CF0D4-CA10-4231-9F10-E43D1DDA7D64}.Release|Any CPU.ActiveCfg = Release|Any CPU
		{E20CF0D4-CA10-4231-9F10-E43D1DDA7D64}.Release|Any CPU.Build.0 = Release|Any CPU
		{E20CF0D4-CA10-4231-9F10-E43D1DDA7D64}.Release|Any CPU.Deploy.0 = Release|Any CPU
		{E20CF0D4-CA10-4231-9F10-E43D1DDA7D64}.Release|iPhone.ActiveCfg = Release|Any CPU
		{E20CF0D4-CA10-4231-9F10-E43D1DDA7D64}.Release|iPhone.Build.0 = Release|Any CPU
		{E20CF0D4-CA10-4231-9F10-E43D1DDA7D64}.Release|iPhone.Deploy.0 = Release|Any CPU
		{E20CF0D4-CA10-4231-9F10-E43D1DDA7D64}.Release|iPhoneSimulator.ActiveCfg = Release|Any CPU
		{E20CF0D4-CA10-4231-9F10-E43D1DDA7D64}.Release|iPhoneSimulator.Build.0 = Release|Any CPU
		{E20CF0D4-CA10-4231-9F10-E43D1DDA7D64}.Release|iPhoneSimulator.Deploy.0 = Release|Any CPU
		{6B3D58A0-CB98-47D2-85BE-DFA20600F9C1}.Debug|Any CPU.ActiveCfg = Debug|iPhoneSimulator
		{6B3D58A0-CB98-47D2-85BE-DFA20600F9C1}.Debug|Any CPU.Build.0 = Debug|iPhoneSimulator
		{6B3D58A0-CB98-47D2-85BE-DFA20600F9C1}.Debug|Any CPU.Deploy.0 = Debug|iPhoneSimulator
		{6B3D58A0-CB98-47D2-85BE-DFA20600F9C1}.Debug|iPhone.ActiveCfg = Debug|iPhone
		{6B3D58A0-CB98-47D2-85BE-DFA20600F9C1}.Debug|iPhone.Build.0 = Debug|iPhone
		{6B3D58A0-CB98-47D2-85BE-DFA20600F9C1}.Debug|iPhone.Deploy.0 = Debug|iPhone
		{6B3D58A0-CB98-47D2-85BE-DFA20600F9C1}.Debug|iPhoneSimulator.ActiveCfg = Debug|iPhoneSimulator
		{6B3D58A0-CB98-47D2-85BE-DFA20600F9C1}.Debug|iPhoneSimulator.Build.0 = Debug|iPhoneSimulator
		{6B3D58A0-CB98-47D2-85BE-DFA20600F9C1}.Debug|iPhoneSimulator.Deploy.0 = Debug|iPhoneSimulator
		{6B3D58A0-CB98-47D2-85BE-DFA20600F9C1}.Release|Any CPU.ActiveCfg = Release|iPhone
		{6B3D58A0-CB98-47D2-85BE-DFA20600F9C1}.Release|Any CPU.Build.0 = Release|iPhone
		{6B3D58A0-CB98-47D2-85BE-DFA20600F9C1}.Release|Any CPU.Deploy.0 = Release|iPhone
		{6B3D58A0-CB98-47D2-85BE-DFA20600F9C1}.Release|iPhone.ActiveCfg = Release|iPhone
		{6B3D58A0-CB98-47D2-85BE-DFA20600F9C1}.Release|iPhone.Build.0 = Release|iPhone
		{6B3D58A0-CB98-47D2-85BE-DFA20600F9C1}.Release|iPhone.Deploy.0 = Release|iPhone
		{6B3D58A0-CB98-47D2-85BE-DFA20600F9C1}.Release|iPhoneSimulator.ActiveCfg = Release|iPhoneSimulator
		{6B3D58A0-CB98-47D2-85BE-DFA20600F9C1}.Release|iPhoneSimulator.Build.0 = Release|iPhoneSimulator
		{6B3D58A0-CB98-47D2-85BE-DFA20600F9C1}.Release|iPhoneSimulator.Deploy.0 = Release|iPhoneSimulator
		{12867D67-C3D5-427F-AB28-D33B7FD59B33}.Debug|Any CPU.ActiveCfg = Debug|Any CPU
		{12867D67-C3D5-427F-AB28-D33B7FD59B33}.Debug|Any CPU.Build.0 = Debug|Any CPU
		{12867D67-C3D5-427F-AB28-D33B7FD59B33}.Debug|Any CPU.Deploy.0 = Debug|Any CPU
		{12867D67-C3D5-427F-AB28-D33B7FD59B33}.Debug|iPhone.ActiveCfg = Debug|Any CPU
		{12867D67-C3D5-427F-AB28-D33B7FD59B33}.Debug|iPhone.Build.0 = Debug|Any CPU
		{12867D67-C3D5-427F-AB28-D33B7FD59B33}.Debug|iPhone.Deploy.0 = Debug|Any CPU
		{12867D67-C3D5-427F-AB28-D33B7FD59B33}.Debug|iPhoneSimulator.ActiveCfg = Debug|Any CPU
		{12867D67-C3D5-427F-AB28-D33B7FD59B33}.Debug|iPhoneSimulator.Build.0 = Debug|Any CPU
		{12867D67-C3D5-427F-AB28-D33B7FD59B33}.Debug|iPhoneSimulator.Deploy.0 = Debug|Any CPU
		{12867D67-C3D5-427F-AB28-D33B7FD59B33}.Release|Any CPU.ActiveCfg = Release|Any CPU
		{12867D67-C3D5-427F-AB28-D33B7FD59B33}.Release|Any CPU.Build.0 = Release|Any CPU
		{12867D67-C3D5-427F-AB28-D33B7FD59B33}.Release|Any CPU.Deploy.0 = Release|Any CPU
		{12867D67-C3D5-427F-AB28-D33B7FD59B33}.Release|iPhone.ActiveCfg = Release|Any CPU
		{12867D67-C3D5-427F-AB28-D33B7FD59B33}.Release|iPhone.Build.0 = Release|Any CPU
		{12867D67-C3D5-427F-AB28-D33B7FD59B33}.Release|iPhone.Deploy.0 = Release|Any CPU
		{12867D67-C3D5-427F-AB28-D33B7FD59B33}.Release|iPhoneSimulator.ActiveCfg = Release|Any CPU
		{12867D67-C3D5-427F-AB28-D33B7FD59B33}.Release|iPhoneSimulator.Build.0 = Release|Any CPU
		{12867D67-C3D5-427F-AB28-D33B7FD59B33}.Release|iPhoneSimulator.Deploy.0 = Release|Any CPU
	EndGlobalSection
	GlobalSection(SolutionProperties) = preSolution
		HideSolutionNode = FALSE
	EndGlobalSection
	GlobalSection(ExtensibilityGlobals) = postSolution
		SolutionGuid = {5F928320-AD9E-4F14-8E3B-AD1D10FE1565}
	EndGlobalSection
EndGlobal
